
Microsoft Visual Studio Solution File, Format Version 12.00
# Visual Studio Version 16
VisualStudioVersion = 16.0.32228.343
MinimumVisualStudioVersion = 10.0.40219.1
Project("{FAE04EC0-301F-11D3-BF4B-00C04F79EFBC}") = "CreationModelPlugin", "CreationModelPlugin\CreationModelPlugin.csproj", "{1F3695CE-8F6C-4061-A9F2-0E60631A4885}"
EndProject
Global
	GlobalSection(SolutionConfigurationPlatforms) = preSolution
		Debug|Any CPU = Debug|Any CPU
		Release|Any CPU = Release|Any CPU
	EndGlobalSection
	GlobalSection(ProjectConfigurationPlatforms) = postSolution
		{1F3695CE-8F6C-4061-A9F2-0E60631A4885}.Debug|Any CPU.ActiveCfg = Debug|Any CPU
		{1F3695CE-8F6C-4061-A9F2-0E60631A4885}.Debug|Any CPU.Build.0 = Debug|Any CPU
		{1F3695CE-8F6C-4061-A9F2-0E60631A4885}.Release|Any CPU.ActiveCfg = Release|Any CPU
		{1F3695CE-8F6C-4061-A9F2-0E60631A4885}.Release|Any CPU.Build.0 = Release|Any CPU
	EndGlobalSection
	GlobalSection(SolutionProperties) = preSolution
		HideSolutionNode = FALSE
	EndGlobalSection
	GlobalSection(ExtensibilityGlobals) = postSolution
		SolutionGuid = {2C070649-F70E-4FE4-956F-069CE5512B9C}
	EndGlobalSection
EndGlobal
